
Microsoft Visual Studio Solution File, Format Version 12.00
# Visual Studio Version 16
VisualStudioVersion = 16.0.29215.179
MinimumVisualStudioVersion = 10.0.40219.1
Project("{FAE04EC0-301F-11D3-BF4B-00C04F79EFBC}") = "Hra.Colas.Web", "Hra.Colas.Web\Hra.Colas.Web.csproj", "{8DCD04A2-DB36-41BC-A919-6EF507B572DA}"
EndProject
Project("{FAE04EC0-301F-11D3-BF4B-00C04F79EFBC}") = "Hra.Colas.Comun", "Hra.Colas.Comun\Hra.Colas.Comun.csproj", "{CAD70A30-2603-4C30-87E8-CD3E63D07F6B}"
EndProject
Project("{FAE04EC0-301F-11D3-BF4B-00C04F79EFBC}") = "Hra.Colas.Negocio", "Hra.Colas.Negocio\Hra.Colas.Negocio.csproj", "{2FCA33BE-06CC-4EA3-90C7-26A584700E65}"
EndProject
Project("{FAE04EC0-301F-11D3-BF4B-00C04F79EFBC}") = "Hra.Colas.Datos", "Hra.Colas.Datos\Hra.Colas.Datos.csproj", "{DA762DDB-3F16-4B86-9B66-9912C05349FD}"
EndProject
Project("{E24C65DC-7377-472B-9ABA-BC803B73C61A}") = "Plantilla", "Plantilla\", "{03E89A2B-073C-4668-81B9-F79DA35E219D}"
	ProjectSection(WebsiteProperties) = preProject
		TargetFrameworkMoniker = ".NETFramework,Version%3Dv4.0"
		Debug.AspNetCompiler.VirtualPath = "/localhost_14669"
		Debug.AspNetCompiler.PhysicalPath = "Plantilla\"
		Debug.AspNetCompiler.TargetPath = "PrecompiledWeb\localhost_14669\"
		Debug.AspNetCompiler.Updateable = "true"
		Debug.AspNetCompiler.ForceOverwrite = "true"
		Debug.AspNetCompiler.FixedNames = "false"
		Debug.AspNetCompiler.Debug = "True"
		Release.AspNetCompiler.VirtualPath = "/localhost_14669"
		Release.AspNetCompiler.PhysicalPath = "Plantilla\"
		Release.AspNetCompiler.TargetPath = "PrecompiledWeb\localhost_14669\"
		Release.AspNetCompiler.Updateable = "true"
		Release.AspNetCompiler.ForceOverwrite = "true"
		Release.AspNetCompiler.FixedNames = "false"
		Release.AspNetCompiler.Debug = "False"
		VWDPort = "14669"
		SlnRelativePath = "Plantilla\"
	EndProjectSection
EndProject
Global
	GlobalSection(SolutionConfigurationPlatforms) = preSolution
		Debug|Any CPU = Debug|Any CPU
		Release|Any CPU = Release|Any CPU
	EndGlobalSection
	GlobalSection(ProjectConfigurationPlatforms) = postSolution
		{8DCD04A2-DB36-41BC-A919-6EF507B572DA}.Debug|Any CPU.ActiveCfg = Debug|Any CPU
		{8DCD04A2-DB36-41BC-A919-6EF507B572DA}.Debug|Any CPU.Build.0 = Debug|Any CPU
		{8DCD04A2-DB36-41BC-A919-6EF507B572DA}.Release|Any CPU.ActiveCfg = Release|Any CPU
		{8DCD04A2-DB36-41BC-A919-6EF507B572DA}.Release|Any CPU.Build.0 = Release|Any CPU
		{CAD70A30-2603-4C30-87E8-CD3E63D07F6B}.Debug|Any CPU.ActiveCfg = Debug|Any CPU
		{CAD70A30-2603-4C30-87E8-CD3E63D07F6B}.Debug|Any CPU.Build.0 = Debug|Any CPU
		{CAD70A30-2603-4C30-87E8-CD3E63D07F6B}.Release|Any CPU.ActiveCfg = Release|Any CPU
		{CAD70A30-2603-4C30-87E8-CD3E63D07F6B}.Release|Any CPU.Build.0 = Release|Any CPU
		{2FCA33BE-06CC-4EA3-90C7-26A584700E65}.Debug|Any CPU.ActiveCfg = Debug|Any CPU
		{2FCA33BE-06CC-4EA3-90C7-26A584700E65}.Debug|Any CPU.Build.0 = Debug|Any CPU
		{2FCA33BE-06CC-4EA3-90C7-26A584700E65}.Release|Any CPU.ActiveCfg = Release|Any CPU
		{2FCA33BE-06CC-4EA3-90C7-26A584700E65}.Release|Any CPU.Build.0 = Release|Any CPU
		{DA762DDB-3F16-4B86-9B66-9912C05349FD}.Debug|Any CPU.ActiveCfg = Debug|Any CPU
		{DA762DDB-3F16-4B86-9B66-9912C05349FD}.Debug|Any CPU.Build.0 = Debug|Any CPU
		{DA762DDB-3F16-4B86-9B66-9912C05349FD}.Release|Any CPU.ActiveCfg = Release|Any CPU
		{DA762DDB-3F16-4B86-9B66-9912C05349FD}.Release|Any CPU.Build.0 = Release|Any CPU
		{03E89A2B-073C-4668-81B9-F79DA35E219D}.Debug|Any CPU.ActiveCfg = Debug|Any CPU
		{03E89A2B-073C-4668-81B9-F79DA35E219D}.Debug|Any CPU.Build.0 = Debug|Any CPU
		{03E89A2B-073C-4668-81B9-F79DA35E219D}.Release|Any CPU.ActiveCfg = Debug|Any CPU
		{03E89A2B-073C-4668-81B9-F79DA35E219D}.Release|Any CPU.Build.0 = Debug|Any CPU
	EndGlobalSection
	GlobalSection(SolutionProperties) = preSolution
		HideSolutionNode = FALSE
	EndGlobalSection
	GlobalSection(ExtensibilityGlobals) = postSolution
		SolutionGuid = {B98C061D-07F2-4283-8AE0-9AD8BA9D1EB3}
	EndGlobalSection
EndGlobal
